
Microsoft Visual Studio Solution File, Format Version 12.00
# Visual Studio Version 17
VisualStudioVersion = 17.14.36414.22
MinimumVisualStudioVersion = 10.0.40219.1
Project("{2150E333-8FDC-42A3-9474-1A3956D46DE8}") = "Task0", "Task0", "{02EA681E-C7D8-13C7-8484-4AC65E1B71E8}"
EndProject
Project("{FAE04EC0-301F-11D3-BF4B-00C04F79EFBC}") = "Tyuiu.Kazhahmetov.Sprint6.Task0.V10", "Tyuiu.Kazhahmetov.Sprint6.Task0.V10\Tyuiu.Kazhahmetov.Sprint6.Task0.V10.csproj", "{945CCFAD-32D8-4714-8E56-7A579471A56C}"
EndProject
Project("{FAE04EC0-301F-11D3-BF4B-00C04F79EFBC}") = "Tyuiu.Kazhahmetov.Sprint6.Task0.V10.Lib", "Tyuiu.Kazhahmetov.Sprint6.Task0.V10.Lib\Tyuiu.Kazhahmetov.Sprint6.Task0.V10.Lib.csproj", "{4E58D452-711C-4BDF-B039-FEFFBE6186AF}"
EndProject
Project("{FAE04EC0-301F-11D3-BF4B-00C04F79EFBC}") = "Tyuiu.Kazhahmetov.Sprint6.Task0.V10.Test", "Tyuiu.Kazhahmetov.Sprint6.Task0.V10.Test\Tyuiu.Kazhahmetov.Sprint6.Task0.V10.Test.csproj", "{C0B61D84-83C5-4F95-B5F6-E11A9189FDAD}"
EndProject
Project("{2150E333-8FDC-42A3-9474-1A3956D46DE8}") = "Task1", "Task1", "{D6314087-4E36-4E7D-AFD0-F7A19F18F5AB}"
EndProject
Project("{FAE04EC0-301F-11D3-BF4B-00C04F79EFBC}") = "Tyuiu.Kazhahmetov.Sprint6.Task1.V18", "Tyuiu.Kazhahmetov.Sprint6.Task1.V18\Tyuiu.Kazhahmetov.Sprint6.Task1.V18.csproj", "{12EFB1E7-E345-43AF-B0B0-0722D76C5F81}"
EndProject
Project("{FAE04EC0-301F-11D3-BF4B-00C04F79EFBC}") = "Tyuiu.Kazhahmetov.Sprint6.Task1.V18.Lib", "Tyuiu.Kazhahmetov.Sprint6.Task1.V18.Lib\Tyuiu.Kazhahmetov.Sprint6.Task1.V18.Lib.csproj", "{DBBA94EC-56B2-4AAF-8991-B8D90086535F}"
EndProject
Project("{FAE04EC0-301F-11D3-BF4B-00C04F79EFBC}") = "Tyuiu.Kazhahmetov.Sprint6.Task1.V18.Test", "Tyuiu.Kazhahmetov.Sprint6.Task1.V18.Test\Tyuiu.Kazhahmetov.Sprint6.Task1.V18.Test.csproj", "{4C3DB4A0-17A0-40A9-B650-98331A94622F}"
EndProject
Project("{2150E333-8FDC-42A3-9474-1A3956D46DE8}") = "Task2", "Task2", "{B8826AA6-E5F8-4921-900D-1CDF36DA5919}"
EndProject
Project("{FAE04EC0-301F-11D3-BF4B-00C04F79EFBC}") = "Tyuiu.Kazhahmetov.Sprint6.Task2.V3", "Tyuiu.Kazhahmetov.Sprint6.Task2.V3\Tyuiu.Kazhahmetov.Sprint6.Task2.V3.csproj", "{F8DBA03B-38F0-4D57-AA85-1870099FE995}"
EndProject
Project("{FAE04EC0-301F-11D3-BF4B-00C04F79EFBC}") = "Tyuiu.Kazhahmetov.Sprint6.Task2.V3.Lib", "Tyuiu.Kazhahmetov.Sprint6.Task2.V3.Lib\Tyuiu.Kazhahmetov.Sprint6.Task2.V3.Lib.csproj", "{4D8AAD99-AD15-4C5E-8EF4-9F3FEF3CB1D9}"
EndProject
Project("{FAE04EC0-301F-11D3-BF4B-00C04F79EFBC}") = "Tyuiu.Kazhahmetov.Sprint6.Task2.V3.Test", "Tyuiu.Kazhahmetov.Sprint6.Task2.V3.Test\Tyuiu.Kazhahmetov.Sprint6.Task2.V3.Test.csproj", "{FC77A977-8821-4D6B-AE2A-2C892E07F4EB}"
EndProject
Project("{2150E333-8FDC-42A3-9474-1A3956D46DE8}") = "Task3", "Task3", "{80554763-CD32-4BD4-9FAE-A7856EB49BC5}"
EndProject
Project("{FAE04EC0-301F-11D3-BF4B-00C04F79EFBC}") = "Tyuiu.Kazhahmetov.Sprint6.Task3.V23", "Tyuiu.Kazhahmetov.Sprint6.Task3.V23\Tyuiu.Kazhahmetov.Sprint6.Task3.V23.csproj", "{F1C02D42-D56B-4D1B-BD99-7E2B180A4B92}"
EndProject
Project("{FAE04EC0-301F-11D3-BF4B-00C04F79EFBC}") = "Tyuiu.Kazhahmetov.Sprint6.Task3.V23.Lib", "Tyuiu.Kazhahmetov.Sprint6.Task3.V23.Lib\Tyuiu.Kazhahmetov.Sprint6.Task3.V23.Lib.csproj", "{94AAF6AE-D821-41D4-A944-A1CD1B8E7827}"
EndProject
Project("{FAE04EC0-301F-11D3-BF4B-00C04F79EFBC}") = "Tyuiu.Kazhahmetov.Sprint6.Task3.V23.Test", "Tyuiu.Kazhahmetov.Sprint6.Task3.V23.Test\Tyuiu.Kazhahmetov.Sprint6.Task3.V23.Test.csproj", "{4F3EF7CE-E53F-478D-B779-4D6B77AE7C57}"
EndProject
Project("{2150E333-8FDC-42A3-9474-1A3956D46DE8}") = "Task4", "Task4", "{5D7772EC-953C-4984-AB2D-3FCE6A0E0A0E}"
EndProject
Project("{FAE04EC0-301F-11D3-BF4B-00C04F79EFBC}") = "Tyuiu.Kazhahmetov.Sprint6.Task4.V15", "Tyuiu.Kazhahmetov.Sprint6.Task4.V15\Tyuiu.Kazhahmetov.Sprint6.Task4.V15.csproj", "{538EBE5C-33A1-4434-B7EC-55D03A6F5C41}"
EndProject
Project("{FAE04EC0-301F-11D3-BF4B-00C04F79EFBC}") = "Tyuiu.Kazhahmetov.Sprint6.Task4.V15.Lib", "Tyuiu.Kazhahmetov.Sprint6.Task4.V15.Lib\Tyuiu.Kazhahmetov.Sprint6.Task4.V15.Lib.csproj", "{FE503C19-72EA-4DF5-9020-2DA37B878728}"
EndProject
Project("{FAE04EC0-301F-11D3-BF4B-00C04F79EFBC}") = "Tyuiu.Kazhahmetov.Sprint6.Task4.V15.Test", "Tyuiu.Kazhahmetov.Sprint6.Task4.V15.Test\Tyuiu.Kazhahmetov.Sprint6.Task4.V15.Test.csproj", "{EBA26C1B-681C-4C28-80FC-DEB61017824E}"
EndProject
Project("{FAE04EC0-301F-11D3-BF4B-00C04F79EFBC}") = "WinFormsAppChart", "..\..\..\Downloads\WinFormsAppChart\WinFormsAppChart\WinFormsAppChart.csproj", "{322EB6CF-C1E5-EDCD-8DAC-95DC741A84B0}"
EndProject
Global
	GlobalSection(SolutionConfigurationPlatforms) = preSolution
		Debug|Any CPU = Debug|Any CPU
		Release|Any CPU = Release|Any CPU
	EndGlobalSection
	GlobalSection(ProjectConfigurationPlatforms) = postSolution
		{945CCFAD-32D8-4714-8E56-7A579471A56C}.Debug|Any CPU.ActiveCfg = Debug|Any CPU
		{945CCFAD-32D8-4714-8E56-7A579471A56C}.Debug|Any CPU.Build.0 = Debug|Any CPU
		{945CCFAD-32D8-4714-8E56-7A579471A56C}.Release|Any CPU.ActiveCfg = Release|Any CPU
		{945CCFAD-32D8-4714-8E56-7A579471A56C}.Release|Any CPU.Build.0 = Release|Any CPU
		{4E58D452-711C-4BDF-B039-FEFFBE6186AF}.Debug|Any CPU.ActiveCfg = Debug|Any CPU
		{4E58D452-711C-4BDF-B039-FEFFBE6186AF}.Debug|Any CPU.Build.0 = Debug|Any CPU
		{4E58D452-711C-4BDF-B039-FEFFBE6186AF}.Release|Any CPU.ActiveCfg = Release|Any CPU
		{4E58D452-711C-4BDF-B039-FEFFBE6186AF}.Release|Any CPU.Build.0 = Release|Any CPU
		{C0B61D84-83C5-4F95-B5F6-E11A9189FDAD}.Debug|Any CPU.ActiveCfg = Debug|Any CPU
		{C0B61D84-83C5-4F95-B5F6-E11A9189FDAD}.Debug|Any CPU.Build.0 = Debug|Any CPU
		{C0B61D84-83C5-4F95-B5F6-E11A9189FDAD}.Release|Any CPU.ActiveCfg = Release|Any CPU
		{C0B61D84-83C5-4F95-B5F6-E11A9189FDAD}.Release|Any CPU.Build.0 = Release|Any CPU
		{12EFB1E7-E345-43AF-B0B0-0722D76C5F81}.Debug|Any CPU.ActiveCfg = Debug|Any CPU
		{12EFB1E7-E345-43AF-B0B0-0722D76C5F81}.Debug|Any CPU.Build.0 = Debug|Any CPU
		{12EFB1E7-E345-43AF-B0B0-0722D76C5F81}.Release|Any CPU.ActiveCfg = Release|Any CPU
		{12EFB1E7-E345-43AF-B0B0-0722D76C5F81}.Release|Any CPU.Build.0 = Release|Any CPU
		{DBBA94EC-56B2-4AAF-8991-B8D90086535F}.Debug|Any CPU.ActiveCfg = Debug|Any CPU
		{DBBA94EC-56B2-4AAF-8991-B8D90086535F}.Debug|Any CPU.Build.0 = Debug|Any CPU
		{DBBA94EC-56B2-4AAF-8991-B8D90086535F}.Release|Any CPU.ActiveCfg = Release|Any CPU
		{DBBA94EC-56B2-4AAF-8991-B8D90086535F}.Release|Any CPU.Build.0 = Release|Any CPU
		{4C3DB4A0-17A0-40A9-B650-98331A94622F}.Debug|Any CPU.ActiveCfg = Debug|Any CPU
		{4C3DB4A0-17A0-40A9-B650-98331A94622F}.Debug|Any CPU.Build.0 = Debug|Any CPU
		{4C3DB4A0-17A0-40A9-B650-98331A94622F}.Release|Any CPU.ActiveCfg = Release|Any CPU
		{4C3DB4A0-17A0-40A9-B650-98331A94622F}.Release|Any CPU.Build.0 = Release|Any CPU
		{F8DBA03B-38F0-4D57-AA85-1870099FE995}.Debug|Any CPU.ActiveCfg = Debug|Any CPU
		{F8DBA03B-38F0-4D57-AA85-1870099FE995}.Debug|Any CPU.Build.0 = Debug|Any CPU
		{F8DBA03B-38F0-4D57-AA85-1870099FE995}.Release|Any CPU.ActiveCfg = Release|Any CPU
		{F8DBA03B-38F0-4D57-AA85-1870099FE995}.Release|Any CPU.Build.0 = Release|Any CPU
		{4D8AAD99-AD15-4C5E-8EF4-9F3FEF3CB1D9}.Debug|Any CPU.ActiveCfg = Debug|Any CPU
		{4D8AAD99-AD15-4C5E-8EF4-9F3FEF3CB1D9}.Debug|Any CPU.Build.0 = Debug|Any CPU
		{4D8AAD99-AD15-4C5E-8EF4-9F3FEF3CB1D9}.Release|Any CPU.ActiveCfg = Release|Any CPU
		{4D8AAD99-AD15-4C5E-8EF4-9F3FEF3CB1D9}.Release|Any CPU.Build.0 = Release|Any CPU
		{FC77A977-8821-4D6B-AE2A-2C892E07F4EB}.Debug|Any CPU.ActiveCfg = Debug|Any CPU
		{FC77A977-8821-4D6B-AE2A-2C892E07F4EB}.Debug|Any CPU.Build.0 = Debug|Any CPU
		{FC77A977-8821-4D6B-AE2A-2C892E07F4EB}.Release|Any CPU.ActiveCfg = Release|Any CPU
		{FC77A977-8821-4D6B-AE2A-2C892E07F4EB}.Release|Any CPU.Build.0 = Release|Any CPU
		{F1C02D42-D56B-4D1B-BD99-7E2B180A4B92}.Debug|Any CPU.ActiveCfg = Debug|Any CPU
		{F1C02D42-D56B-4D1B-BD99-7E2B180A4B92}.Debug|Any CPU.Build.0 = Debug|Any CPU
		{F1C02D42-D56B-4D1B-BD99-7E2B180A4B92}.Release|Any CPU.ActiveCfg = Release|Any CPU
		{F1C02D42-D56B-4D1B-BD99-7E2B180A4B92}.Release|Any CPU.Build.0 = Release|Any CPU
		{94AAF6AE-D821-41D4-A944-A1CD1B8E7827}.Debug|Any CPU.ActiveCfg = Debug|Any CPU
		{94AAF6AE-D821-41D4-A944-A1CD1B8E7827}.Debug|Any CPU.Build.0 = Debug|Any CPU
		{94AAF6AE-D821-41D4-A944-A1CD1B8E7827}.Release|Any CPU.ActiveCfg = Release|Any CPU
		{94AAF6AE-D821-41D4-A944-A1CD1B8E7827}.Release|Any CPU.Build.0 = Release|Any CPU
		{4F3EF7CE-E53F-478D-B779-4D6B77AE7C57}.Debug|Any CPU.ActiveCfg = Debug|Any CPU
		{4F3EF7CE-E53F-478D-B779-4D6B77AE7C57}.Debug|Any CPU.Build.0 = Debug|Any CPU
		{4F3EF7CE-E53F-478D-B779-4D6B77AE7C57}.Release|Any CPU.ActiveCfg = Release|Any CPU
		{4F3EF7CE-E53F-478D-B779-4D6B77AE7C57}.Release|Any CPU.Build.0 = Release|Any CPU
		{538EBE5C-33A1-4434-B7EC-55D03A6F5C41}.Debug|Any CPU.ActiveCfg = Debug|Any CPU
		{538EBE5C-33A1-4434-B7EC-55D03A6F5C41}.Debug|Any CPU.Build.0 = Debug|Any CPU
		{538EBE5C-33A1-4434-B7EC-55D03A6F5C41}.Release|Any CPU.ActiveCfg = Release|Any CPU
		{538EBE5C-33A1-4434-B7EC-55D03A6F5C41}.Release|Any CPU.Build.0 = Release|Any CPU
		{FE503C19-72EA-4DF5-9020-2DA37B878728}.Debug|Any CPU.ActiveCfg = Debug|Any CPU
		{FE503C19-72EA-4DF5-9020-2DA37B878728}.Debug|Any CPU.Build.0 = Debug|Any CPU
		{FE503C19-72EA-4DF5-9020-2DA37B878728}.Release|Any CPU.ActiveCfg = Release|Any CPU
		{FE503C19-72EA-4DF5-9020-2DA37B878728}.Release|Any CPU.Build.0 = Release|Any CPU
		{EBA26C1B-681C-4C28-80FC-DEB61017824E}.Debug|Any CPU.ActiveCfg = Debug|Any CPU
		{EBA26C1B-681C-4C28-80FC-DEB61017824E}.Debug|Any CPU.Build.0 = Debug|Any CPU
		{EBA26C1B-681C-4C28-80FC-DEB61017824E}.Release|Any CPU.ActiveCfg = Release|Any CPU
		{EBA26C1B-681C-4C28-80FC-DEB61017824E}.Release|Any CPU.Build.0 = Release|Any CPU
		{322EB6CF-C1E5-EDCD-8DAC-95DC741A84B0}.Debug|Any CPU.ActiveCfg = Debug|Any CPU
		{322EB6CF-C1E5-EDCD-8DAC-95DC741A84B0}.Debug|Any CPU.Build.0 = Debug|Any CPU
		{322EB6CF-C1E5-EDCD-8DAC-95DC741A84B0}.Release|Any CPU.ActiveCfg = Release|Any CPU
		{322EB6CF-C1E5-EDCD-8DAC-95DC741A84B0}.Release|Any CPU.Build.0 = Release|Any CPU
	EndGlobalSection
	GlobalSection(SolutionProperties) = preSolution
		HideSolutionNode = FALSE
	EndGlobalSection
	GlobalSection(NestedProjects) = preSolution
		{945CCFAD-32D8-4714-8E56-7A579471A56C} = {02EA681E-C7D8-13C7-8484-4AC65E1B71E8}
		{4E58D452-711C-4BDF-B039-FEFFBE6186AF} = {02EA681E-C7D8-13C7-8484-4AC65E1B71E8}
		{C0B61D84-83C5-4F95-B5F6-E11A9189FDAD} = {02EA681E-C7D8-13C7-8484-4AC65E1B71E8}
		{12EFB1E7-E345-43AF-B0B0-0722D76C5F81} = {D6314087-4E36-4E7D-AFD0-F7A19F18F5AB}
		{DBBA94EC-56B2-4AAF-8991-B8D90086535F} = {D6314087-4E36-4E7D-AFD0-F7A19F18F5AB}
		{4C3DB4A0-17A0-40A9-B650-98331A94622F} = {D6314087-4E36-4E7D-AFD0-F7A19F18F5AB}
		{F8DBA03B-38F0-4D57-AA85-1870099FE995} = {B8826AA6-E5F8-4921-900D-1CDF36DA5919}
		{4D8AAD99-AD15-4C5E-8EF4-9F3FEF3CB1D9} = {B8826AA6-E5F8-4921-900D-1CDF36DA5919}
		{FC77A977-8821-4D6B-AE2A-2C892E07F4EB} = {B8826AA6-E5F8-4921-900D-1CDF36DA5919}
		{F1C02D42-D56B-4D1B-BD99-7E2B180A4B92} = {80554763-CD32-4BD4-9FAE-A7856EB49BC5}
		{94AAF6AE-D821-41D4-A944-A1CD1B8E7827} = {80554763-CD32-4BD4-9FAE-A7856EB49BC5}
		{4F3EF7CE-E53F-478D-B779-4D6B77AE7C57} = {80554763-CD32-4BD4-9FAE-A7856EB49BC5}
		{538EBE5C-33A1-4434-B7EC-55D03A6F5C41} = {5D7772EC-953C-4984-AB2D-3FCE6A0E0A0E}
		{FE503C19-72EA-4DF5-9020-2DA37B878728} = {5D7772EC-953C-4984-AB2D-3FCE6A0E0A0E}
		{EBA26C1B-681C-4C28-80FC-DEB61017824E} = {5D7772EC-953C-4984-AB2D-3FCE6A0E0A0E}
		{322EB6CF-C1E5-EDCD-8DAC-95DC741A84B0} = {5D7772EC-953C-4984-AB2D-3FCE6A0E0A0E}
	EndGlobalSection
	GlobalSection(ExtensibilityGlobals) = postSolution
		SolutionGuid = {9D7C9E62-F655-4A7E-97B2-B2BF0EDDF44F}
	EndGlobalSection
EndGlobal
