
Microsoft Visual Studio Solution File, Format Version 12.00
# Visual Studio Version 17
VisualStudioVersion = 17.14.36414.22
MinimumVisualStudioVersion = 10.0.40219.1
Project("{2150E333-8FDC-42A3-9474-1A3956D46DE8}") = "Task0", "Task0", "{02EA681E-C7D8-13C7-8484-4AC65E1B71E8}"
EndProject
Project("{FAE04EC0-301F-11D3-BF4B-00C04F79EFBC}") = "Tyuiu.Kazhahmetov.Sprint6.Task0.V10", "Tyuiu.Kazhahmetov.Sprint6.Task0.V10\Tyuiu.Kazhahmetov.Sprint6.Task0.V10.csproj", "{945CCFAD-32D8-4714-8E56-7A579471A56C}"
EndProject
Project("{FAE04EC0-301F-11D3-BF4B-00C04F79EFBC}") = "Tyuiu.Kazhahmetov.Sprint6.Task0.V10.Lib", "Tyuiu.Kazhahmetov.Sprint6.Task0.V10.Lib\Tyuiu.Kazhahmetov.Sprint6.Task0.V10.Lib.csproj", "{4E58D452-711C-4BDF-B039-FEFFBE6186AF}"
EndProject
Project("{FAE04EC0-301F-11D3-BF4B-00C04F79EFBC}") = "Tyuiu.Kazhahmetov.Sprint6.Task0.V10.Test", "Tyuiu.Kazhahmetov.Sprint6.Task0.V10.Test\Tyuiu.Kazhahmetov.Sprint6.Task0.V10.Test.csproj", "{C0B61D84-83C5-4F95-B5F6-E11A9189FDAD}"
EndProject
Project("{2150E333-8FDC-42A3-9474-1A3956D46DE8}") = "Task1", "Task1", "{D6314087-4E36-4E7D-AFD0-F7A19F18F5AB}"
EndProject
Project("{FAE04EC0-301F-11D3-BF4B-00C04F79EFBC}") = "Tyuiu.Kazhahmetov.Sprint6.Task1.V18", "Tyuiu.Kazhahmetov.Sprint6.Task1.V18\Tyuiu.Kazhahmetov.Sprint6.Task1.V18.csproj", "{12EFB1E7-E345-43AF-B0B0-0722D76C5F81}"
EndProject
Project("{FAE04EC0-301F-11D3-BF4B-00C04F79EFBC}") = "Tyuiu.Kazhahmetov.Sprint6.Task1.V18.Lib", "Tyuiu.Kazhahmetov.Sprint6.Task1.V18.Lib\Tyuiu.Kazhahmetov.Sprint6.Task1.V18.Lib.csproj", "{DBBA94EC-56B2-4AAF-8991-B8D90086535F}"
EndProject
Project("{FAE04EC0-301F-11D3-BF4B-00C04F79EFBC}") = "Tyuiu.Kazhahmetov.Sprint6.Task1.V18.Test", "Tyuiu.Kazhahmetov.Sprint6.Task1.V18.Test\Tyuiu.Kazhahmetov.Sprint6.Task1.V18.Test.csproj", "{4C3DB4A0-17A0-40A9-B650-98331A94622F}"
EndProject
Project("{2150E333-8FDC-42A3-9474-1A3956D46DE8}") = "Task2", "Task2", "{B8826AA6-E5F8-4921-900D-1CDF36DA5919}"
EndProject
Project("{FAE04EC0-301F-11D3-BF4B-00C04F79EFBC}") = "Tyuiu.Kazhahmetov.Sprint6.Task2.V3", "Tyuiu.Kazhahmetov.Sprint6.Task2.V3\Tyuiu.Kazhahmetov.Sprint6.Task2.V3.csproj", "{F8DBA03B-38F0-4D57-AA85-1870099FE995}"
EndProject
Project("{FAE04EC0-301F-11D3-BF4B-00C04F79EFBC}") = "Tyuiu.Kazhahmetov.Sprint6.Task2.V3.Lib", "Tyuiu.Kazhahmetov.Sprint6.Task2.V3.Lib\Tyuiu.Kazhahmetov.Sprint6.Task2.V3.Lib.csproj", "{4D8AAD99-AD15-4C5E-8EF4-9F3FEF3CB1D9}"
EndProject
Project("{FAE04EC0-301F-11D3-BF4B-00C04F79EFBC}") = "Tyuiu.Kazhahmetov.Sprint6.Task2.V3.Test", "Tyuiu.Kazhahmetov.Sprint6.Task2.V3.Test\Tyuiu.Kazhahmetov.Sprint6.Task2.V3.Test.csproj", "{FC77A977-8821-4D6B-AE2A-2C892E07F4EB}"
EndProject
Global
	GlobalSection(SolutionConfigurationPlatforms) = preSolution
		Debug|Any CPU = Debug|Any CPU
		Release|Any CPU = Release|Any CPU
	EndGlobalSection
	GlobalSection(ProjectConfigurationPlatforms) = postSolution
		{945CCFAD-32D8-4714-8E56-7A579471A56C}.Debug|Any CPU.ActiveCfg = Debug|Any CPU
		{945CCFAD-32D8-4714-8E56-7A579471A56C}.Debug|Any CPU.Build.0 = Debug|Any CPU
		{945CCFAD-32D8-4714-8E56-7A579471A56C}.Release|Any CPU.ActiveCfg = Release|Any CPU
		{945CCFAD-32D8-4714-8E56-7A579471A56C}.Release|Any CPU.Build.0 = Release|Any CPU
		{4E58D452-711C-4BDF-B039-FEFFBE6186AF}.Debug|Any CPU.ActiveCfg = Debug|Any CPU
		{4E58D452-711C-4BDF-B039-FEFFBE6186AF}.Debug|Any CPU.Build.0 = Debug|Any CPU
		{4E58D452-711C-4BDF-B039-FEFFBE6186AF}.Release|Any CPU.ActiveCfg = Release|Any CPU
		{4E58D452-711C-4BDF-B039-FEFFBE6186AF}.Release|Any CPU.Build.0 = Release|Any CPU
		{C0B61D84-83C5-4F95-B5F6-E11A9189FDAD}.Debug|Any CPU.ActiveCfg = Debug|Any CPU
		{C0B61D84-83C5-4F95-B5F6-E11A9189FDAD}.Debug|Any CPU.Build.0 = Debug|Any CPU
		{C0B61D84-83C5-4F95-B5F6-E11A9189FDAD}.Release|Any CPU.ActiveCfg = Release|Any CPU
		{C0B61D84-83C5-4F95-B5F6-E11A9189FDAD}.Release|Any CPU.Build.0 = Release|Any CPU
		{12EFB1E7-E345-43AF-B0B0-0722D76C5F81}.Debug|Any CPU.ActiveCfg = Debug|Any CPU
		{12EFB1E7-E345-43AF-B0B0-0722D76C5F81}.Debug|Any CPU.Build.0 = Debug|Any CPU
		{12EFB1E7-E345-43AF-B0B0-0722D76C5F81}.Release|Any CPU.ActiveCfg = Release|Any CPU
		{12EFB1E7-E345-43AF-B0B0-0722D76C5F81}.Release|Any CPU.Build.0 = Release|Any CPU
		{DBBA94EC-56B2-4AAF-8991-B8D90086535F}.Debug|Any CPU.ActiveCfg = Debug|Any CPU
		{DBBA94EC-56B2-4AAF-8991-B8D90086535F}.Debug|Any CPU.Build.0 = Debug|Any CPU
		{DBBA94EC-56B2-4AAF-8991-B8D90086535F}.Release|Any CPU.ActiveCfg = Release|Any CPU
		{DBBA94EC-56B2-4AAF-8991-B8D90086535F}.Release|Any CPU.Build.0 = Release|Any CPU
		{4C3DB4A0-17A0-40A9-B650-98331A94622F}.Debug|Any CPU.ActiveCfg = Debug|Any CPU
		{4C3DB4A0-17A0-40A9-B650-98331A94622F}.Debug|Any CPU.Build.0 = Debug|Any CPU
		{4C3DB4A0-17A0-40A9-B650-98331A94622F}.Release|Any CPU.ActiveCfg = Release|Any CPU
		{4C3DB4A0-17A0-40A9-B650-98331A94622F}.Release|Any CPU.Build.0 = Release|Any CPU
		{F8DBA03B-38F0-4D57-AA85-1870099FE995}.Debug|Any CPU.ActiveCfg = Debug|Any CPU
		{F8DBA03B-38F0-4D57-AA85-1870099FE995}.Debug|Any CPU.Build.0 = Debug|Any CPU
		{F8DBA03B-38F0-4D57-AA85-1870099FE995}.Release|Any CPU.ActiveCfg = Release|Any CPU
		{F8DBA03B-38F0-4D57-AA85-1870099FE995}.Release|Any CPU.Build.0 = Release|Any CPU
		{4D8AAD99-AD15-4C5E-8EF4-9F3FEF3CB1D9}.Debug|Any CPU.ActiveCfg = Debug|Any CPU
		{4D8AAD99-AD15-4C5E-8EF4-9F3FEF3CB1D9}.Debug|Any CPU.Build.0 = Debug|Any CPU
		{4D8AAD99-AD15-4C5E-8EF4-9F3FEF3CB1D9}.Release|Any CPU.ActiveCfg = Release|Any CPU
		{4D8AAD99-AD15-4C5E-8EF4-9F3FEF3CB1D9}.Release|Any CPU.Build.0 = Release|Any CPU
		{FC77A977-8821-4D6B-AE2A-2C892E07F4EB}.Debug|Any CPU.ActiveCfg = Debug|Any CPU
		{FC77A977-8821-4D6B-AE2A-2C892E07F4EB}.Debug|Any CPU.Build.0 = Debug|Any CPU
		{FC77A977-8821-4D6B-AE2A-2C892E07F4EB}.Release|Any CPU.ActiveCfg = Release|Any CPU
		{FC77A977-8821-4D6B-AE2A-2C892E07F4EB}.Release|Any CPU.Build.0 = Release|Any CPU
	EndGlobalSection
	GlobalSection(SolutionProperties) = preSolution
		HideSolutionNode = FALSE
	EndGlobalSection
	GlobalSection(NestedProjects) = preSolution
		{945CCFAD-32D8-4714-8E56-7A579471A56C} = {02EA681E-C7D8-13C7-8484-4AC65E1B71E8}
		{4E58D452-711C-4BDF-B039-FEFFBE6186AF} = {02EA681E-C7D8-13C7-8484-4AC65E1B71E8}
		{C0B61D84-83C5-4F95-B5F6-E11A9189FDAD} = {02EA681E-C7D8-13C7-8484-4AC65E1B71E8}
		{12EFB1E7-E345-43AF-B0B0-0722D76C5F81} = {D6314087-4E36-4E7D-AFD0-F7A19F18F5AB}
		{DBBA94EC-56B2-4AAF-8991-B8D90086535F} = {D6314087-4E36-4E7D-AFD0-F7A19F18F5AB}
		{4C3DB4A0-17A0-40A9-B650-98331A94622F} = {D6314087-4E36-4E7D-AFD0-F7A19F18F5AB}
		{F8DBA03B-38F0-4D57-AA85-1870099FE995} = {B8826AA6-E5F8-4921-900D-1CDF36DA5919}
		{4D8AAD99-AD15-4C5E-8EF4-9F3FEF3CB1D9} = {B8826AA6-E5F8-4921-900D-1CDF36DA5919}
		{FC77A977-8821-4D6B-AE2A-2C892E07F4EB} = {B8826AA6-E5F8-4921-900D-1CDF36DA5919}
	EndGlobalSection
	GlobalSection(ExtensibilityGlobals) = postSolution
		SolutionGuid = {9D7C9E62-F655-4A7E-97B2-B2BF0EDDF44F}
	EndGlobalSection
EndGlobal
